// !$*UTF8*$!
{
	archiveVersion = 1;
	classes = {
	};
	objectVersion = 48;
	objects = {

/* Begin PBXBuildFile section */
		525F8871201F1F6E00706343 /* Concentration+Collection.swift in Sources */ = {isa = PBXBuildFile; fileRef = 525F8870201F1F6E00706343 /* Concentration+Collection.swift */; };
		52716A74200F9D3400EA7969 /* Concentration+Int.swift in Sources */ = {isa = PBXBuildFile; fileRef = 52716A73200F9D3400EA7969 /* Concentration+Int.swift */; };
		52A172382003A9D20034F608 /* Concentration.swift in Sources */ = {isa = PBXBuildFile; fileRef = 52A172372003A9D20034F608 /* Concentration.swift */; };
		52A1723A2003AB880034F608 /* Card.swift in Sources */ = {isa = PBXBuildFile; fileRef = 52A172392003AB880034F608 /* Card.swift */; };
		52F914002002D51800B823B1 /* AppDelegate.swift in Sources */ = {isa = PBXBuildFile; fileRef = 52F913FF2002D51800B823B1 /* AppDelegate.swift */; };
		52F914022002D51800B823B1 /* ConcentrationViewController.swift in Sources */ = {isa = PBXBuildFile; fileRef = 52F914012002D51800B823B1 /* ConcentrationViewController.swift */; };
		52F914052002D51800B823B1 /* Main.storyboard in Resources */ = {isa = PBXBuildFile; fileRef = 52F914032002D51800B823B1 /* Main.storyboard */; };
		52F914072002D51800B823B1 /* Assets.xcassets in Resources */ = {isa = PBXBuildFile; fileRef = 52F914062002D51800B823B1 /* Assets.xcassets */; };
		52F9140A2002D51800B823B1 /* LaunchScreen.storyboard in Resources */ = {isa = PBXBuildFile; fileRef = 52F914082002D51800B823B1 /* LaunchScreen.storyboard */; };
/* End PBXBuildFile section */

/* Begin PBXFileReference section */
		525F8870201F1F6E00706343 /* Concentration+Collection.swift */ = {isa = PBXFileReference; lastKnownFileType = sourcecode.swift; path = "Concentration+Collection.swift"; sourceTree = "<group>"; };
		52716A73200F9D3400EA7969 /* Concentration+Int.swift */ = {isa = PBXFileReference; lastKnownFileType = sourcecode.swift; path = "Concentration+Int.swift"; sourceTree = "<group>"; };
		52A172372003A9D20034F608 /* Concentration.swift */ = {isa = PBXFileReference; lastKnownFileType = sourcecode.swift; path = Concentration.swift; sourceTree = "<group>"; };
		52A172392003AB880034F608 /* Card.swift */ = {isa = PBXFileReference; lastKnownFileType = sourcecode.swift; path = Card.swift; sourceTree = "<group>"; };
		52F913FC2002D51800B823B1 /* Concentration.app */ = {isa = PBXFileReference; explicitFileType = wrapper.application; includeInIndex = 0; path = Concentration.app; sourceTree = BUILT_PRODUCTS_DIR; };
		52F913FF2002D51800B823B1 /* AppDelegate.swift */ = {isa = PBXFileReference; lastKnownFileType = sourcecode.swift; path = AppDelegate.swift; sourceTree = "<group>"; };
		52F914012002D51800B823B1 /* ConcentrationViewController.swift */ = {isa = PBXFileReference; lastKnownFileType = sourcecode.swift; path = ConcentrationViewController.swift; sourceTree = "<group>"; };
		52F914042002D51800B823B1 /* Base */ = {isa = PBXFileReference; lastKnownFileType = file.storyboard; name = Base; path = Base.lproj/Main.storyboard; sourceTree = "<group>"; };
		52F914062002D51800B823B1 /* Assets.xcassets */ = {isa = PBXFileReference; lastKnownFileType = folder.assetcatalog; path = Assets.xcassets; sourceTree = "<group>"; };
		52F914092002D51800B823B1 /* Base */ = {isa = PBXFileReference; lastKnownFileType = file.storyboard; name = Base; path = Base.lproj/LaunchScreen.storyboard; sourceTree = "<group>"; };
		52F9140B2002D51800B823B1 /* Info.plist */ = {isa = PBXFileReference; lastKnownFileType = text.plist.xml; path = Info.plist; sourceTree = "<group>"; };
/* End PBXFileReference section */

/* Begin PBXFrameworksBuildPhase section */
		52F913F92002D51800B823B1 /* Frameworks */ = {
			isa = PBXFrameworksBuildPhase;
			buildActionMask = 2147483647;
			files = (
			);
			runOnlyForDeploymentPostprocessing = 0;
		};
/* End PBXFrameworksBuildPhase section */

/* Begin PBXGroup section */
		52716A72200F9C3B00EA7969 /* Extensions */ = {
			isa = PBXGroup;
			children = (
				52716A73200F9D3400EA7969 /* Concentration+Int.swift */,
				525F8870201F1F6E00706343 /* Concentration+Collection.swift */,
			);
			path = Extensions;
			sourceTree = "<group>";
		};
		52A172352002D6B90034F608 /* Supporting files */ = {
			isa = PBXGroup;
			children = (
				52F913FF2002D51800B823B1 /* AppDelegate.swift */,
				52F914062002D51800B823B1 /* Assets.xcassets */,
				52F914082002D51800B823B1 /* LaunchScreen.storyboard */,
			);
			path = "Supporting files";
			sourceTree = "<group>";
		};
		52A172362002D7070034F608 /* Storyboards */ = {
			isa = PBXGroup;
			children = (
				52F914032002D51800B823B1 /* Main.storyboard */,
			);
			path = Storyboards;
			sourceTree = "<group>";
		};
		52F913F32002D51800B823B1 = {
			isa = PBXGroup;
			children = (
				52F913FE2002D51800B823B1 /* Concentration */,
				52F913FD2002D51800B823B1 /* Products */,
			);
			sourceTree = "<group>";
		};
		52F913FD2002D51800B823B1 /* Products */ = {
			isa = PBXGroup;
			children = (
				52F913FC2002D51800B823B1 /* Concentration.app */,
			);
			name = Products;
			sourceTree = "<group>";
		};
		52F913FE2002D51800B823B1 /* Concentration */ = {
			isa = PBXGroup;
			children = (
				52716A72200F9C3B00EA7969 /* Extensions */,
				52A172392003AB880034F608 /* Card.swift */,
				52A172372003A9D20034F608 /* Concentration.swift */,
				52F914012002D51800B823B1 /* ConcentrationViewController.swift */,
				52A172362002D7070034F608 /* Storyboards */,
				52A172352002D6B90034F608 /* Supporting files */,
				52F9140B2002D51800B823B1 /* Info.plist */,
			);
			path = Concentration;
			sourceTree = "<group>";
		};
/* End PBXGroup section */

/* Begin PBXNativeTarget section */
		52F913FB2002D51800B823B1 /* Concentration */ = {
			isa = PBXNativeTarget;
			buildConfigurationList = 52F9140E2002D51800B823B1 /* Build configuration list for PBXNativeTarget "Concentration" */;
			buildPhases = (
				52F913F82002D51800B823B1 /* Sources */,
				52F913F92002D51800B823B1 /* Frameworks */,
				52F913FA2002D51800B823B1 /* Resources */,
			);
			buildRules = (
			);
			dependencies = (
			);
			name = Concentration;
			productName = Concentration;
			productReference = 52F913FC2002D51800B823B1 /* Concentration.app */;
			productType = "com.apple.product-type.application";
		};
/* End PBXNativeTarget section */

/* Begin PBXProject section */
		52F913F42002D51800B823B1 /* Project object */ = {
			isa = PBXProject;
			attributes = {
				LastSwiftUpdateCheck = 0920;
				LastUpgradeCheck = 0920;
				ORGANIZATIONNAME = John;
				TargetAttributes = {
					52F913FB2002D51800B823B1 = {
						CreatedOnToolsVersion = 9.2;
						ProvisioningStyle = Automatic;
					};
				};
			};
			buildConfigurationList = 52F913F72002D51800B823B1 /* Build configuration list for PBXProject "Concentration" */;
			compatibilityVersion = "Xcode 8.0";
			developmentRegion = en;
			hasScannedForEncodings = 0;
			knownRegions = (
				en,
				Base,
			);
			mainGroup = 52F913F32002D51800B823B1;
			productRefGroup = 52F913FD2002D51800B823B1 /* Products */;
			projectDirPath = "";
			projectRoot = "";
			targets = (
				52F913FB2002D51800B823B1 /* Concentration */,
			);
		};
/* End PBXProject section */

/* Begin PBXResourcesBuildPhase section */
		52F913FA2002D51800B823B1 /* Resources */ = {
			isa = PBXResourcesBuildPhase;
			buildActionMask = 2147483647;
			files = (
				52F9140A2002D51800B823B1 /* LaunchScreen.storyboard in Resources */,
				52F914072002D51800B823B1 /* Assets.xcassets in Resources */,
				52F914052002D51800B823B1 /* Main.storyboard in Resources */,
			);
			runOnlyForDeploymentPostprocessing = 0;
		};
/* End PBXResourcesBuildPhase section */

/* Begin PBXSourcesBuildPhase section */
		52F913F82002D51800B823B1 /* Sources */ = {
			isa = PBXSourcesBuildPhase;
			buildActionMask = 2147483647;
			files = (
				52F914022002D51800B823B1 /* ConcentrationViewController.swift in Sources */,
				525F8871201F1F6E00706343 /* Concentration+Collection.swift in Sources */,
				52F914002002D51800B823B1 /* AppDelegate.swift in Sources */,
				52A172382003A9D20034F608 /* Concentration.swift in Sources */,
				52716A74200F9D3400EA7969 /* Concentration+Int.swift in Sources */,
				52A1723A2003AB880034F608 /* Card.swift in Sources */,
			);
			runOnlyForDeploymentPostprocessing = 0;
		};
/* End PBXSourcesBuildPhase section */

/* Begin PBXVariantGroup section */
		52F914032002D51800B823B1 /* Main.storyboard */ = {
			isa = PBXVariantGroup;
			children = (
				52F914042002D51800B823B1 /* Base */,
			);
			name = Main.storyboard;
			sourceTree = "<group>";
		};
		52F914082002D51800B823B1 /* LaunchScreen.storyboard */ = {
			isa = PBXVariantGroup;
			children = (
				52F914092002D51800B823B1 /* Base */,
			);
			name = LaunchScreen.storyboard;
			sourceTree = "<group>";
		};
/* End PBXVariantGroup section */

/* Begin XCBuildConfiguration section */
		52F9140C2002D51800B823B1 /* Debug */ = {
			isa = XCBuildConfiguration;
			buildSettings = {
				ALWAYS_SEARCH_USER_PATHS = NO;
				CLANG_ANALYZER_NONNULL = YES;
				CLANG_ANALYZER_NUMBER_OBJECT_CONVERSION = YES_AGGRESSIVE;
				CLANG_CXX_LANGUAGE_STANDARD = "gnu++14";
				CLANG_CXX_LIBRARY = "libc++";
				CLANG_ENABLE_MODULES = YES;
				CLANG_ENABLE_OBJC_ARC = YES;
				CLANG_WARN_BLOCK_CAPTURE_AUTORELEASING = YES;
				CLANG_WARN_BOOL_CONVERSION = YES;
				CLANG_WARN_COMMA = YES;
				CLANG_WARN_CONSTANT_CONVERSION = YES;
				CLANG_WARN_DIRECT_OBJC_ISA_USAGE = YES_ERROR;
				CLANG_WARN_DOCUMENTATION_COMMENTS = YES;
				CLANG_WARN_EMPTY_BODY = YES;
				CLANG_WARN_ENUM_CONVERSION = YES;
				CLANG_WARN_INFINITE_RECURSION = YES;
				CLANG_WARN_INT_CONVERSION = YES;
				CLANG_WARN_NON_LITERAL_NULL_CONVERSION = YES;
				CLANG_WARN_OBJC_LITERAL_CONVERSION = YES;
				CLANG_WARN_OBJC_ROOT_CLASS = YES_ERROR;
				CLANG_WARN_RANGE_LOOP_ANALYSIS = YES;
				CLANG_WARN_STRICT_PROTOTYPES = YES;
				CLANG_WARN_SUSPICIOUS_MOVE = YES;
				CLANG_WARN_UNGUARDED_AVAILABILITY = YES_AGGRESSIVE;
				CLANG_WARN_UNREACHABLE_CODE = YES;
				CLANG_WARN__DUPLICATE_METHOD_MATCH = YES;
				CODE_SIGN_IDENTITY = "iPhone Developer";
				COPY_PHASE_STRIP = NO;
				DEBUG_INFORMATION_FORMAT = dwarf;
				ENABLE_STRICT_OBJC_MSGSEND = YES;
				ENABLE_TESTABILITY = YES;
				GCC_C_LANGUAGE_STANDARD = gnu11;
				GCC_DYNAMIC_NO_PIC = NO;
				GCC_NO_COMMON_BLOCKS = YES;
				GCC_OPTIMIZATION_LEVEL = 0;
				GCC_PREPROCESSOR_DEFINITIONS = (
					"DEBUG=1",
					"$(inherited)",
				);
				GCC_WARN_64_TO_32_BIT_CONVERSION = YES;
				GCC_WARN_ABOUT_RETURN_TYPE = YES_ERROR;
				GCC_WARN_UNDECLARED_SELECTOR = YES;
				GCC_WARN_UNINITIALIZED_AUTOS = YES_AGGRESSIVE;
				GCC_WARN_UNUSED_FUNCTION = YES;
				GCC_WARN_UNUSED_VARIABLE = YES;
				IPHONEOS_DEPLOYMENT_TARGET = 11.2;
				MTL_ENABLE_DEBUG_INFO = YES;
				ONLY_ACTIVE_ARCH = YES;
				SDKROOT = iphoneos;
				SWIFT_ACTIVE_COMPILATION_CONDITIONS = DEBUG;
				SWIFT_OPTIMIZATION_LEVEL = "-Onone";
			};
			name = Debug;
		};
		52F9140D2002D51800B823B1 /* Release */ = {
			isa = XCBuildConfiguration;
			buildSettings = {
				ALWAYS_SEARCH_USER_PATHS = NO;
				CLANG_ANALYZER_NONNULL = YES;
				CLANG_ANALYZER_NUMBER_OBJECT_CONVERSION = YES_AGGRESSIVE;
				CLANG_CXX_LANGUAGE_STANDARD = "gnu++14";
				CLANG_CXX_LIBRARY = "libc++";
				CLANG_ENABLE_MODULES = YES;
				CLANG_ENABLE_OBJC_ARC = YES;
				CLANG_WARN_BLOCK_CAPTURE_AUTORELEASING = YES;
				CLANG_WARN_BOOL_CONVERSION = YES;
				CLANG_WARN_COMMA = YES;
				CLANG_WARN_CONSTANT_CONVERSION = YES;
				CLANG_WARN_DIRECT_OBJC_ISA_USAGE = YES_ERROR;
				CLANG_WARN_DOCUMENTATION_COMMENTS = YES;
				CLANG_WARN_EMPTY_BODY = YES;
				CLANG_WARN_ENUM_CONVERSION = YES;
				CLANG_WARN_INFINITE_RECURSION = YES;
				CLANG_WARN_INT_CONVERSION = YES;
				CLANG_WARN_NON_LITERAL_NULL_CONVERSION = YES;
				CLANG_WARN_OBJC_LITERAL_CONVERSION = YES;
				CLANG_WARN_OBJC_ROOT_CLASS = YES_ERROR;
				CLANG_WARN_RANGE_LOOP_ANALYSIS = YES;
				CLANG_WARN_STRICT_PROTOTYPES = YES;
				CLANG_WARN_SUSPICIOUS_MOVE = YES;
				CLANG_WARN_UNGUARDED_AVAILABILITY = YES_AGGRESSIVE;
				CLANG_WARN_UNREACHABLE_CODE = YES;
				CLANG_WARN__DUPLICATE_METHOD_MATCH = YES;
				CODE_SIGN_IDENTITY = "iPhone Developer";
				COPY_PHASE_STRIP = NO;
				DEBUG_INFORMATION_FORMAT = "dwarf-with-dsym";
				ENABLE_NS_ASSERTIONS = NO;
				ENABLE_STRICT_OBJC_MSGSEND = YES;
				GCC_C_LANGUAGE_STANDARD = gnu11;
				GCC_NO_COMMON_BLOCKS = YES;
				GCC_WARN_64_TO_32_BIT_CONVERSION = YES;
				GCC_WARN_ABOUT_RETURN_TYPE = YES_ERROR;
				GCC_WARN_UNDECLARED_SELECTOR = YES;
				GCC_WARN_UNINITIALIZED_AUTOS = YES_AGGRESSIVE;
				GCC_WARN_UNUSED_FUNCTION = YES;
				GCC_WARN_UNUSED_VARIABLE = YES;
				IPHONEOS_DEPLOYMENT_TARGET = 11.2;
				MTL_ENABLE_DEBUG_INFO = NO;
				SDKROOT = iphoneos;
				SWIFT_OPTIMIZATION_LEVEL = "-Owholemodule";
				VALIDATE_PRODUCT = YES;
			};
			name = Release;
		};
		52F9140F2002D51800B823B1 /* Debug */ = {
			isa = XCBuildConfiguration;
			buildSettings = {
				ASSETCATALOG_COMPILER_APPICON_NAME = AppIcon;
				CODE_SIGN_STYLE = Automatic;
				DEVELOPMENT_TEAM = DJ7KXY394U;
				INFOPLIST_FILE = Concentration/Info.plist;
				LD_RUNPATH_SEARCH_PATHS = "$(inherited) @executable_path/Frameworks";
				PRODUCT_BUNDLE_IDENTIFIER = John.Concentration;
				PRODUCT_NAME = "$(TARGET_NAME)";
				SWIFT_VERSION = 4.0;
				TARGETED_DEVICE_FAMILY = "1,2";
			};
			name = Debug;
		};
		52F914102002D51800B823B1 /* Release */ = {
			isa = XCBuildConfiguration;
			buildSettings = {
				ASSETCATALOG_COMPILER_APPICON_NAME = AppIcon;
				CODE_SIGN_STYLE = Automatic;
				DEVELOPMENT_TEAM = DJ7KXY394U;
				INFOPLIST_FILE = Concentration/Info.plist;
				LD_RUNPATH_SEARCH_PATHS = "$(inherited) @executable_path/Frameworks";
				PRODUCT_BUNDLE_IDENTIFIER = John.Concentration;
				PRODUCT_NAME = "$(TARGET_NAME)";
				SWIFT_VERSION = 4.0;
				TARGETED_DEVICE_FAMILY = "1,2";
			};
			name = Release;
		};
/* End XCBuildConfiguration section */

/* Begin XCConfigurationList section */
		52F913F72002D51800B823B1 /* Build configuration list for PBXProject "Concentration" */ = {
			isa = XCConfigurationList;
			buildConfigurations = (
				52F9140C2002D51800B823B1 /* Debug */,
				52F9140D2002D51800B823B1 /* Release */,
			);
			defaultConfigurationIsVisible = 0;
			defaultConfigurationName = Release;
		};
		52F9140E2002D51800B823B1 /* Build configuration list for PBXNativeTarget "Concentration" */ = {
			isa = XCConfigurationList;
			buildConfigurations = (
				52F9140F2002D51800B823B1 /* Debug */,
				52F914102002D51800B823B1 /* Release */,
			);
			defaultConfigurationIsVisible = 0;
			defaultConfigurationName = Release;
		};
/* End XCConfigurationList section */
	};
	rootObject = 52F913F42002D51800B823B1 /* Project object */;
}
